
Microsoft Visual Studio Solution File, Format Version 12.00
# Visual Studio Version 17
VisualStudioVersion = 17.5.33424.131
MinimumVisualStudioVersion = 10.0.40219.1
Project("{2150E333-8FDC-42A3-9474-1A3956D46DE8}") = "src", "src", "{62D1C64F-0E44-4946-91ED-2C0C704AB5F7}"
EndProject
Project("{FAE04EC0-301F-11D3-BF4B-00C04F79EFBC}") = "CQRS.Domain", "src\CQRS.Domain\CQRS.Domain.csproj", "{AAF780D8-F58B-4787-9D3B-721960259A92}"
EndProject
Project("{FAE04EC0-301F-11D3-BF4B-00C04F79EFBC}") = "CQRS.Application", "src\CQRS.Application\CQRS.Application.csproj", "{6C0BE542-BAF2-41EF-90DE-2143EF1A0C79}"
EndProject
Project("{FAE04EC0-301F-11D3-BF4B-00C04F79EFBC}") = "CQRS.Infrastructure", "src\CQRS.Infrastructure\CQRS.Infrastructure.csproj", "{C24DE825-BE94-4B4A-9E45-FA245533D421}"
EndProject
Project("{FAE04EC0-301F-11D3-BF4B-00C04F79EFBC}") = "CQRS.Api", "src\CQRS.Api\CQRS.Api.csproj", "{E5D03187-C613-420B-9DA7-D8F93D592333}"
EndProject
Global
	GlobalSection(SolutionConfigurationPlatforms) = preSolution
		Debug|Any CPU = Debug|Any CPU
		Release|Any CPU = Release|Any CPU
	EndGlobalSection
	GlobalSection(ProjectConfigurationPlatforms) = postSolution
		{AAF780D8-F58B-4787-9D3B-721960259A92}.Debug|Any CPU.ActiveCfg = Debug|Any CPU
		{AAF780D8-F58B-4787-9D3B-721960259A92}.Debug|Any CPU.Build.0 = Debug|Any CPU
		{AAF780D8-F58B-4787-9D3B-721960259A92}.Release|Any CPU.ActiveCfg = Release|Any CPU
		{AAF780D8-F58B-4787-9D3B-721960259A92}.Release|Any CPU.Build.0 = Release|Any CPU
		{6C0BE542-BAF2-41EF-90DE-2143EF1A0C79}.Debug|Any CPU.ActiveCfg = Debug|Any CPU
		{6C0BE542-BAF2-41EF-90DE-2143EF1A0C79}.Debug|Any CPU.Build.0 = Debug|Any CPU
		{6C0BE542-BAF2-41EF-90DE-2143EF1A0C79}.Release|Any CPU.ActiveCfg = Release|Any CPU
		{6C0BE542-BAF2-41EF-90DE-2143EF1A0C79}.Release|Any CPU.Build.0 = Release|Any CPU
		{C24DE825-BE94-4B4A-9E45-FA245533D421}.Debug|Any CPU.ActiveCfg = Debug|Any CPU
		{C24DE825-BE94-4B4A-9E45-FA245533D421}.Debug|Any CPU.Build.0 = Debug|Any CPU
		{C24DE825-BE94-4B4A-9E45-FA245533D421}.Release|Any CPU.ActiveCfg = Release|Any CPU
		{C24DE825-BE94-4B4A-9E45-FA245533D421}.Release|Any CPU.Build.0 = Release|Any CPU
		{E5D03187-C613-420B-9DA7-D8F93D592333}.Debug|Any CPU.ActiveCfg = Debug|Any CPU
		{E5D03187-C613-420B-9DA7-D8F93D592333}.Debug|Any CPU.Build.0 = Debug|Any CPU
		{E5D03187-C613-420B-9DA7-D8F93D592333}.Release|Any CPU.ActiveCfg = Release|Any CPU
		{E5D03187-C613-420B-9DA7-D8F93D592333}.Release|Any CPU.Build.0 = Release|Any CPU
	EndGlobalSection
	GlobalSection(SolutionProperties) = preSolution
		HideSolutionNode = FALSE
	EndGlobalSection
	GlobalSection(ExtensibilityGlobals) = postSolution
		SolutionGuid = {60A93AD6-599B-40B6-A098-2DB3326BCADB}
	EndGlobalSection
	GlobalSection(NestedProjects) = preSolution
		{AAF780D8-F58B-4787-9D3B-721960259A92} = {62D1C64F-0E44-4946-91ED-2C0C704AB5F7}
		{6C0BE542-BAF2-41EF-90DE-2143EF1A0C79} = {62D1C64F-0E44-4946-91ED-2C0C704AB5F7}
		{C24DE825-BE94-4B4A-9E45-FA245533D421} = {62D1C64F-0E44-4946-91ED-2C0C704AB5F7}
		{E5D03187-C613-420B-9DA7-D8F93D592333} = {62D1C64F-0E44-4946-91ED-2C0C704AB5F7}
	EndGlobalSection
EndGlobal
